
Microsoft Visual Studio Solution File, Format Version 12.00
# Visual Studio Express 2013 for Windows Desktop
VisualStudioVersion = 12.0.21005.1
MinimumVisualStudioVersion = 10.0.40219.1
Project("{8BC9CEB8-8B4A-11D0-8D11-00A0C91BC942}") = "Hiscore", "Hiscore\Hiscore.vcxproj", "{81BECD7F-061D-4354-91CB-C55286ECBE31}"
EndProject
Project("{8BC9CEB8-8B4A-11D0-8D11-00A0C91BC942}") = "aicorelib", "..\..\libs\aicorelib\aicorelib.vcxproj", "{BE82E90D-36E4-42F0-8583-7464D70EC985}"
EndProject
Project("{8BC9CEB8-8B4A-11D0-8D11-00A0C91BC942}") = "aitemplatelib", "..\..\libs\aitemplatelib\aitemplatelib.vcxproj", "{9B147F91-8F20-4E37-9FB7-344D1EF9272A}"
EndProject
Project("{8BC9CEB8-8B4A-11D0-8D11-00A0C91BC942}") = "AiTemplateTester", "AiTemplateTester\AiTemplateTester.vcxproj", "{B9915A96-3E69-40FA-854F-55A4723444AF}"
EndProject
Global
	GlobalSection(SolutionConfigurationPlatforms) = preSolution
		Debug|Win32 = Debug|Win32
		Release|Win32 = Release|Win32
	EndGlobalSection
	GlobalSection(ProjectConfigurationPlatforms) = postSolution
		{81BECD7F-061D-4354-91CB-C55286ECBE31}.Debug|Win32.ActiveCfg = Debug|Win32
		{81BECD7F-061D-4354-91CB-C55286ECBE31}.Debug|Win32.Build.0 = Debug|Win32
		{81BECD7F-061D-4354-91CB-C55286ECBE31}.Release|Win32.ActiveCfg = Release|Win32
		{81BECD7F-061D-4354-91CB-C55286ECBE31}.Release|Win32.Build.0 = Release|Win32
		{BE82E90D-36E4-42F0-8583-7464D70EC985}.Debug|Win32.ActiveCfg = Debug|Win32
		{BE82E90D-36E4-42F0-8583-7464D70EC985}.Debug|Win32.Build.0 = Debug|Win32
		{BE82E90D-36E4-42F0-8583-7464D70EC985}.Release|Win32.ActiveCfg = Release|Win32
		{BE82E90D-36E4-42F0-8583-7464D70EC985}.Release|Win32.Build.0 = Release|Win32
		{9B147F91-8F20-4E37-9FB7-344D1EF9272A}.Debug|Win32.ActiveCfg = Debug|Win32
		{9B147F91-8F20-4E37-9FB7-344D1EF9272A}.Debug|Win32.Build.0 = Debug|Win32
		{9B147F91-8F20-4E37-9FB7-344D1EF9272A}.Release|Win32.ActiveCfg = Release|Win32
		{9B147F91-8F20-4E37-9FB7-344D1EF9272A}.Release|Win32.Build.0 = Release|Win32
		{B9915A96-3E69-40FA-854F-55A4723444AF}.Debug|Win32.ActiveCfg = Debug|Win32
		{B9915A96-3E69-40FA-854F-55A4723444AF}.Debug|Win32.Build.0 = Debug|Win32
		{B9915A96-3E69-40FA-854F-55A4723444AF}.Release|Win32.ActiveCfg = Release|Win32
		{B9915A96-3E69-40FA-854F-55A4723444AF}.Release|Win32.Build.0 = Release|Win32
	EndGlobalSection
	GlobalSection(SolutionProperties) = preSolution
		HideSolutionNode = FALSE
	EndGlobalSection
EndGlobal
