<?xml version="1.0" encoding="utf-8"?>
<Project ToolsVersion="4.0" xmlns="http://schemas.microsoft.com/developer/msbuild/2003">
  <ItemGroup>
    <ClCompile Include="..\..\..\src\hiscore\Main.cpp" />
    <ClCompile Include="..\..\..\src\hiscore\HighScoreTable.cpp" />
    <ClCompile Include="..\..\..\src\hiscore\Score.cpp" />
  </ItemGroup>
  <ItemGroup>
    <ClInclude Include="..\..\..\src\hiscore\HighScoreTable.h" />
    <ClInclude Include="..\..\..\src\hiscore\Score.h" />
  </ItemGroup>
</Project>