<?xml version="1.0" encoding="utf-8"?>
<Project ToolsVersion="4.0" xmlns="http://schemas.microsoft.com/developer/msbuild/2003">
  <ItemGroup>
    <Filter Include="Source Files">
      <UniqueIdentifier>{4FC737F1-C7A5-4376-A066-2A32D752A2FF}</UniqueIdentifier>
      <Extensions>cpp;c;cc;cxx;def;odl;idl;hpj;bat;asm;asmx</Extensions>
    </Filter>
    <Filter Include="Header Files">
      <UniqueIdentifier>{93995380-89BD-4b04-88EB-625FBE52EBFB}</UniqueIdentifier>
      <Extensions>h;hpp;hxx;hm;inl;inc;xsd</Extensions>
    </Filter>
    <Filter Include="Resource Files">
      <UniqueIdentifier>{67DA6AB6-F800-4c08-8B7A-83BB121AAD01}</UniqueIdentifier>
      <Extensions>rc;ico;cur;bmp;dlg;rc2;rct;bin;rgs;gif;jpg;jpeg;jpe;resx;tiff;tif;png;wav;mfcribbon-ms</Extensions>
    </Filter>
    <Filter Include="Header Files\include">
      <UniqueIdentifier>{07808a4b-6172-4c2a-b806-21b96351ef10}</UniqueIdentifier>
    </Filter>
    <Filter Include="Header Files\include\aicore">
      <UniqueIdentifier>{95fc82a5-3537-44d5-a83a-d15f90a5c897}</UniqueIdentifier>
    </Filter>
  </ItemGroup>
  <ItemGroup>
    <ClInclude Include="stdafx.h">
      <Filter>Header Files</Filter>
    </ClInclude>
    <ClInclude Include="targetver.h">
      <Filter>Header Files</Filter>
    </ClInclude>
    <ClInclude Include="include\aicore\aidebug.h">
      <Filter>Header Files\include\aicore</Filter>
    </ClInclude>
    <ClInclude Include="include\aicore\aisyslog.h">
      <Filter>Header Files\include\aicore</Filter>
    </ClInclude>
    <ClInclude Include="include\aicore\aimutex.h">
      <Filter>Header Files\include\aicore</Filter>
    </ClInclude>
    <ClInclude Include="include\aicore\aisemaphore.h">
      <Filter>Header Files\include\aicore</Filter>
    </ClInclude>
  </ItemGroup>
  <ItemGroup>
    <ClCompile Include="stdafx.cpp">
      <Filter>Source Files</Filter>
    </ClCompile>
    <ClCompile Include="aisyslog.cpp">
      <Filter>Source Files</Filter>
    </ClCompile>
    <ClCompile Include="aidebug.cpp">
      <Filter>Source Files</Filter>
    </ClCompile>
    <ClCompile Include="aimutex.cpp">
      <Filter>Source Files</Filter>
    </ClCompile>
    <ClCompile Include="aisemaphore.cpp">
      <Filter>Source Files</Filter>
    </ClCompile>
  </ItemGroup>
</Project>