<?xml version="1.0" encoding="utf-8"?>
<Project ToolsVersion="4.0" xmlns="http://schemas.microsoft.com/developer/msbuild/2003">
  <ItemGroup>
    <ClInclude Include="aitl.h" />
    <ClInclude Include="array.h" />
    <ClInclude Include="array2.h" />
    <ClInclude Include="binarytree.h" />
    <ClInclude Include="bitvector.h" />
    <ClInclude Include="stack.h" />
    <ClInclude Include="queue.h" />
    <ClInclude Include="node.h" />
    <ClInclude Include="HashTable.h">
      <Filter>HashTable</Filter>
    </ClInclude>
    <ClInclude Include="Hash.h">
      <Filter>HashTable</Filter>
    </ClInclude>
    <ClInclude Include="Bucket.h">
      <Filter>HashTable</Filter>
    </ClInclude>
    <ClInclude Include="pairtree.h">
      <Filter>HashTable</Filter>
    </ClInclude>
    <ClInclude Include="Entry.h">
      <Filter>HashTable</Filter>
    </ClInclude>
  </ItemGroup>
  <ItemGroup>
    <ClCompile Include="bitvector.cpp" />
  </ItemGroup>
  <ItemGroup>
    <Filter Include="HashTable">
      <UniqueIdentifier>{2a2b2718-6d89-4603-b725-c84620b351f6}</UniqueIdentifier>
    </Filter>
  </ItemGroup>
</Project>